
Microsoft Visual Studio Solution File, Format Version 12.00
# Visual Studio Version 16
VisualStudioVersion = 16.0.30413.136
MinimumVisualStudioVersion = 10.0.40219.1
Project("{FAE04EC0-301F-11D3-BF4B-00C04F79EFBC}") = "RubiksCubeAPI", "RubiksCubeAPI\RubiksCubeAPI.csproj", "{14D7C8EC-A588-4BCB-8816-59C76AFE5CC4}"
EndProject
Global
	GlobalSection(SolutionConfigurationPlatforms) = preSolution
		Debug|Any CPU = Debug|Any CPU
		Release|Any CPU = Release|Any CPU
	EndGlobalSection
	GlobalSection(ProjectConfigurationPlatforms) = postSolution
		{14D7C8EC-A588-4BCB-8816-59C76AFE5CC4}.Debug|Any CPU.ActiveCfg = Debug|Any CPU
		{14D7C8EC-A588-4BCB-8816-59C76AFE5CC4}.Debug|Any CPU.Build.0 = Debug|Any CPU
		{14D7C8EC-A588-4BCB-8816-59C76AFE5CC4}.Release|Any CPU.ActiveCfg = Release|Any CPU
		{14D7C8EC-A588-4BCB-8816-59C76AFE5CC4}.Release|Any CPU.Build.0 = Release|Any CPU
	EndGlobalSection
	GlobalSection(SolutionProperties) = preSolution
		HideSolutionNode = FALSE
	EndGlobalSection
	GlobalSection(ExtensibilityGlobals) = postSolution
		SolutionGuid = {DDE078C5-DE9C-4043-BD24-B54D70F485D7}
	EndGlobalSection
EndGlobal
